// !$*UTF8*$!
{
	archiveVersion = 1;
	classes = {
	};
	objectVersion = 51;
	objects = {

/* Begin PBXBuildFile section */
		9C4C9F1E6BDBE35FE7DAFE19 /* Pods_nthu_campusUITests.framework in Frameworks */ = {isa = PBXBuildFile; fileRef = C949F43B1C333E4C2B303DBA /* Pods_nthu_campusUITests.framework */; };
		B00A8592233612870076F5C7 /* IlmsService.swift in Sources */ = {isa = PBXBuildFile; fileRef = B00A8591233612870076F5C7 /* IlmsService.swift */; };
		B00A8596233631C10076F5C7 /* IlmsLoginInfo.swift in Sources */ = {isa = PBXBuildFile; fileRef = B00A8595233631C10076F5C7 /* IlmsLoginInfo.swift */; };
		B00A8598233639150076F5C7 /* Header.swift in Sources */ = {isa = PBXBuildFile; fileRef = B00A8597233639150076F5C7 /* Header.swift */; };
		B00A859B233647590076F5C7 /* ServiceUtils.swift in Sources */ = {isa = PBXBuildFile; fileRef = B00A859A233647590076F5C7 /* ServiceUtils.swift */; };
		B00A859D233699B50076F5C7 /* CourseService.swift in Sources */ = {isa = PBXBuildFile; fileRef = B00A859C233699B50076F5C7 /* CourseService.swift */; };
		B00A85A02338E8D60076F5C7 /* courseDatabase.swift in Sources */ = {isa = PBXBuildFile; fileRef = B00A859F2338E8D60076F5C7 /* courseDatabase.swift */; };
		B00A85A22338EA000076F5C7 /* Config.swift in Sources */ = {isa = PBXBuildFile; fileRef = B00A85A12338EA000076F5C7 /* Config.swift */; };
		B00A85A6233938550076F5C7 /* CourseCollectionCell.swift in Sources */ = {isa = PBXBuildFile; fileRef = B00A85A5233938550076F5C7 /* CourseCollectionCell.swift */; };
		B00A85A8233947760076F5C7 /* CurriculumCourseColor.swift in Sources */ = {isa = PBXBuildFile; fileRef = B00A85A7233947760076F5C7 /* CurriculumCourseColor.swift */; };
		B00A85AA2339C48F0076F5C7 /* CurriculumCollectionStatus.swift in Sources */ = {isa = PBXBuildFile; fileRef = B00A85A92339C48F0076F5C7 /* CurriculumCollectionStatus.swift */; };
		B0A8C996233A5B2500252365 /* CourseTimeSlot.swift in Sources */ = {isa = PBXBuildFile; fileRef = B0A8C995233A5B2500252365 /* CourseTimeSlot.swift */; };
		B0A8C998233B718100252365 /* CourseRoomTime.swift in Sources */ = {isa = PBXBuildFile; fileRef = B0A8C997233B718100252365 /* CourseRoomTime.swift */; };
		B0A8C99F233B967800252365 /* CourseInfoPageController.swift in Sources */ = {isa = PBXBuildFile; fileRef = B0A8C99E233B967800252365 /* CourseInfoPageController.swift */; };
		B0A8C9A1233B9C2800252365 /* CourseInfoPage.storyboard in Resources */ = {isa = PBXBuildFile; fileRef = B0A8C9A0233B9C2800252365 /* CourseInfoPage.storyboard */; };
		B0A8C9A3233D1DEB00252365 /* SettingPage.storyboard in Resources */ = {isa = PBXBuildFile; fileRef = B0A8C9A2233D1DEB00252365 /* SettingPage.storyboard */; };
		B0A8C9A5233D1E0000252365 /* SettingPageController.swift in Sources */ = {isa = PBXBuildFile; fileRef = B0A8C9A4233D1E0000252365 /* SettingPageController.swift */; };
		B0A8C9A7233D23E600252365 /* Setting.swift in Sources */ = {isa = PBXBuildFile; fileRef = B0A8C9A6233D23E600252365 /* Setting.swift */; };
		B0B2572A2329FDBB00EC99A8 /* AppDelegate.swift in Sources */ = {isa = PBXBuildFile; fileRef = B0B257292329FDBB00EC99A8 /* AppDelegate.swift */; };
		B0B2572C2329FDBB00EC99A8 /* MainPageController.swift in Sources */ = {isa = PBXBuildFile; fileRef = B0B2572B2329FDBB00EC99A8 /* MainPageController.swift */; };
		B0B2572F2329FDBB00EC99A8 /* MainPage.storyboard in Resources */ = {isa = PBXBuildFile; fileRef = B0B2572D2329FDBB00EC99A8 /* MainPage.storyboard */; };
		B0B257312329FDBE00EC99A8 /* Assets.xcassets in Resources */ = {isa = PBXBuildFile; fileRef = B0B257302329FDBE00EC99A8 /* Assets.xcassets */; };
		B0B257342329FDBE00EC99A8 /* LaunchScreen.storyboard in Resources */ = {isa = PBXBuildFile; fileRef = B0B257322329FDBE00EC99A8 /* LaunchScreen.storyboard */; };
		B0B2573F2329FDBE00EC99A8 /* nthu_campusTests.swift in Sources */ = {isa = PBXBuildFile; fileRef = B0B2573E2329FDBE00EC99A8 /* nthu_campusTests.swift */; };
		B0B2574A2329FDBE00EC99A8 /* nthu_campusUITests.swift in Sources */ = {isa = PBXBuildFile; fileRef = B0B257492329FDBE00EC99A8 /* nthu_campusUITests.swift */; };
		B0B2575B232A025100EC99A8 /* CurriculumPageController.swift in Sources */ = {isa = PBXBuildFile; fileRef = B0B2575A232A025100EC99A8 /* CurriculumPageController.swift */; };
		B0B2575D232A027D00EC99A8 /* CurriculumPage.storyboard in Resources */ = {isa = PBXBuildFile; fileRef = B0B2575C232A027D00EC99A8 /* CurriculumPage.storyboard */; };
		B0B25760232A072000EC99A8 /* Course.swift in Sources */ = {isa = PBXBuildFile; fileRef = B0B2575F232A072000EC99A8 /* Course.swift */; };
		B0B25763232A2B5500EC99A8 /* APIRequest.swift in Sources */ = {isa = PBXBuildFile; fileRef = B0B25762232A2B5500EC99A8 /* APIRequest.swift */; };
		F76F1ADAD3F393978E64558B /* Pods_nthu_campusTests.framework in Frameworks */ = {isa = PBXBuildFile; fileRef = 9E1C224461F9140DD9887F8D /* Pods_nthu_campusTests.framework */; };
		FC92EEB337428CF3C111712A /* Pods_nthu_campus.framework in Frameworks */ = {isa = PBXBuildFile; fileRef = F18828EBD767281D45D42375 /* Pods_nthu_campus.framework */; };
/* End PBXBuildFile section */

/* Begin PBXContainerItemProxy section */
		B0B2573B2329FDBE00EC99A8 /* PBXContainerItemProxy */ = {
			isa = PBXContainerItemProxy;
			containerPortal = B0B2571E2329FDBB00EC99A8 /* Project object */;
			proxyType = 1;
			remoteGlobalIDString = B0B257252329FDBB00EC99A8;
			remoteInfo = "nthu-campus";
		};
		B0B257462329FDBE00EC99A8 /* PBXContainerItemProxy */ = {
			isa = PBXContainerItemProxy;
			containerPortal = B0B2571E2329FDBB00EC99A8 /* Project object */;
			proxyType = 1;
			remoteGlobalIDString = B0B257252329FDBB00EC99A8;
			remoteInfo = "nthu-campus";
		};
/* End PBXContainerItemProxy section */

/* Begin PBXFileReference section */
		0E00096E1B055A02A667D89E /* Pods-nthu-campus.release.xcconfig */ = {isa = PBXFileReference; includeInIndex = 1; lastKnownFileType = text.xcconfig; name = "Pods-nthu-campus.release.xcconfig"; path = "Target Support Files/Pods-nthu-campus/Pods-nthu-campus.release.xcconfig"; sourceTree = "<group>"; };
		2B7FC86AD02DFD3BD4268279 /* Pods-nthu-campusUITests.release.xcconfig */ = {isa = PBXFileReference; includeInIndex = 1; lastKnownFileType = text.xcconfig; name = "Pods-nthu-campusUITests.release.xcconfig"; path = "Target Support Files/Pods-nthu-campusUITests/Pods-nthu-campusUITests.release.xcconfig"; sourceTree = "<group>"; };
		4A1C7CE510D2A15EE210A9DC /* Pods-nthu-campusTests.debug.xcconfig */ = {isa = PBXFileReference; includeInIndex = 1; lastKnownFileType = text.xcconfig; name = "Pods-nthu-campusTests.debug.xcconfig"; path = "Target Support Files/Pods-nthu-campusTests/Pods-nthu-campusTests.debug.xcconfig"; sourceTree = "<group>"; };
		816B3BE017EDFC1244989061 /* Pods-nthu-campusTests.release.xcconfig */ = {isa = PBXFileReference; includeInIndex = 1; lastKnownFileType = text.xcconfig; name = "Pods-nthu-campusTests.release.xcconfig"; path = "Target Support Files/Pods-nthu-campusTests/Pods-nthu-campusTests.release.xcconfig"; sourceTree = "<group>"; };
		9E1C224461F9140DD9887F8D /* Pods_nthu_campusTests.framework */ = {isa = PBXFileReference; explicitFileType = wrapper.framework; includeInIndex = 0; path = Pods_nthu_campusTests.framework; sourceTree = BUILT_PRODUCTS_DIR; };
		B00A8591233612870076F5C7 /* IlmsService.swift */ = {isa = PBXFileReference; lastKnownFileType = sourcecode.swift; path = IlmsService.swift; sourceTree = "<group>"; };
		B00A8595233631C10076F5C7 /* IlmsLoginInfo.swift */ = {isa = PBXFileReference; lastKnownFileType = sourcecode.swift; path = IlmsLoginInfo.swift; sourceTree = "<group>"; };
		B00A8597233639150076F5C7 /* Header.swift */ = {isa = PBXFileReference; lastKnownFileType = sourcecode.swift; path = Header.swift; sourceTree = "<group>"; };
		B00A859A233647590076F5C7 /* ServiceUtils.swift */ = {isa = PBXFileReference; lastKnownFileType = sourcecode.swift; path = ServiceUtils.swift; sourceTree = "<group>"; };
		B00A859C233699B50076F5C7 /* CourseService.swift */ = {isa = PBXFileReference; lastKnownFileType = sourcecode.swift; path = CourseService.swift; sourceTree = "<group>"; };
		B00A859F2338E8D60076F5C7 /* courseDatabase.swift */ = {isa = PBXFileReference; lastKnownFileType = sourcecode.swift; path = courseDatabase.swift; sourceTree = "<group>"; };
		B00A85A12338EA000076F5C7 /* Config.swift */ = {isa = PBXFileReference; lastKnownFileType = sourcecode.swift; path = Config.swift; sourceTree = "<group>"; };
		B00A85A5233938550076F5C7 /* CourseCollectionCell.swift */ = {isa = PBXFileReference; lastKnownFileType = sourcecode.swift; path = CourseCollectionCell.swift; sourceTree = "<group>"; };
		B00A85A7233947760076F5C7 /* CurriculumCourseColor.swift */ = {isa = PBXFileReference; lastKnownFileType = sourcecode.swift; path = CurriculumCourseColor.swift; sourceTree = "<group>"; };
		B00A85A92339C48F0076F5C7 /* CurriculumCollectionStatus.swift */ = {isa = PBXFileReference; lastKnownFileType = sourcecode.swift; path = CurriculumCollectionStatus.swift; sourceTree = "<group>"; };
		B0A8C995233A5B2500252365 /* CourseTimeSlot.swift */ = {isa = PBXFileReference; lastKnownFileType = sourcecode.swift; path = CourseTimeSlot.swift; sourceTree = "<group>"; };
		B0A8C997233B718100252365 /* CourseRoomTime.swift */ = {isa = PBXFileReference; lastKnownFileType = sourcecode.swift; path = CourseRoomTime.swift; sourceTree = "<group>"; };
		B0A8C99E233B967800252365 /* CourseInfoPageController.swift */ = {isa = PBXFileReference; lastKnownFileType = sourcecode.swift; path = CourseInfoPageController.swift; sourceTree = "<group>"; };
		B0A8C9A0233B9C2800252365 /* CourseInfoPage.storyboard */ = {isa = PBXFileReference; lastKnownFileType = file.storyboard; path = CourseInfoPage.storyboard; sourceTree = "<group>"; };
		B0A8C9A2233D1DEB00252365 /* SettingPage.storyboard */ = {isa = PBXFileReference; lastKnownFileType = file.storyboard; path = SettingPage.storyboard; sourceTree = "<group>"; };
		B0A8C9A4233D1E0000252365 /* SettingPageController.swift */ = {isa = PBXFileReference; lastKnownFileType = sourcecode.swift; path = SettingPageController.swift; sourceTree = "<group>"; };
		B0A8C9A6233D23E600252365 /* Setting.swift */ = {isa = PBXFileReference; lastKnownFileType = sourcecode.swift; path = Setting.swift; sourceTree = "<group>"; };
		B0B257262329FDBB00EC99A8 /* nthu-campus.app */ = {isa = PBXFileReference; explicitFileType = wrapper.application; includeInIndex = 0; path = "nthu-campus.app"; sourceTree = BUILT_PRODUCTS_DIR; };
		B0B257292329FDBB00EC99A8 /* AppDelegate.swift */ = {isa = PBXFileReference; lastKnownFileType = sourcecode.swift; path = AppDelegate.swift; sourceTree = "<group>"; };
		B0B2572B2329FDBB00EC99A8 /* MainPageController.swift */ = {isa = PBXFileReference; lastKnownFileType = sourcecode.swift; path = MainPageController.swift; sourceTree = "<group>"; };
		B0B2572E2329FDBB00EC99A8 /* Base */ = {isa = PBXFileReference; lastKnownFileType = file.storyboard; name = Base; path = Base.lproj/MainPage.storyboard; sourceTree = "<group>"; };
		B0B257302329FDBE00EC99A8 /* Assets.xcassets */ = {isa = PBXFileReference; lastKnownFileType = folder.assetcatalog; path = Assets.xcassets; sourceTree = "<group>"; };
		B0B257332329FDBE00EC99A8 /* Base */ = {isa = PBXFileReference; lastKnownFileType = file.storyboard; name = Base; path = Base.lproj/LaunchScreen.storyboard; sourceTree = "<group>"; };
		B0B257352329FDBE00EC99A8 /* Info.plist */ = {isa = PBXFileReference; lastKnownFileType = text.plist.xml; path = Info.plist; sourceTree = "<group>"; };
		B0B2573A2329FDBE00EC99A8 /* nthu-campusTests.xctest */ = {isa = PBXFileReference; explicitFileType = wrapper.cfbundle; includeInIndex = 0; path = "nthu-campusTests.xctest"; sourceTree = BUILT_PRODUCTS_DIR; };
		B0B2573E2329FDBE00EC99A8 /* nthu_campusTests.swift */ = {isa = PBXFileReference; lastKnownFileType = sourcecode.swift; path = nthu_campusTests.swift; sourceTree = "<group>"; };
		B0B257402329FDBE00EC99A8 /* Info.plist */ = {isa = PBXFileReference; lastKnownFileType = text.plist.xml; path = Info.plist; sourceTree = "<group>"; };
		B0B257452329FDBE00EC99A8 /* nthu-campusUITests.xctest */ = {isa = PBXFileReference; explicitFileType = wrapper.cfbundle; includeInIndex = 0; path = "nthu-campusUITests.xctest"; sourceTree = BUILT_PRODUCTS_DIR; };
		B0B257492329FDBE00EC99A8 /* nthu_campusUITests.swift */ = {isa = PBXFileReference; lastKnownFileType = sourcecode.swift; path = nthu_campusUITests.swift; sourceTree = "<group>"; };
		B0B2574B2329FDBE00EC99A8 /* Info.plist */ = {isa = PBXFileReference; lastKnownFileType = text.plist.xml; path = Info.plist; sourceTree = "<group>"; };
		B0B2575A232A025100EC99A8 /* CurriculumPageController.swift */ = {isa = PBXFileReference; lastKnownFileType = sourcecode.swift; path = CurriculumPageController.swift; sourceTree = "<group>"; };
		B0B2575C232A027D00EC99A8 /* CurriculumPage.storyboard */ = {isa = PBXFileReference; lastKnownFileType = file.storyboard; path = CurriculumPage.storyboard; sourceTree = "<group>"; };
		B0B2575F232A072000EC99A8 /* Course.swift */ = {isa = PBXFileReference; lastKnownFileType = sourcecode.swift; path = Course.swift; sourceTree = "<group>"; };
		B0B25762232A2B5500EC99A8 /* APIRequest.swift */ = {isa = PBXFileReference; lastKnownFileType = sourcecode.swift; path = APIRequest.swift; sourceTree = "<group>"; };
		C746040B7004E19E6EB25A08 /* Pods-nthu-campus.debug.xcconfig */ = {isa = PBXFileReference; includeInIndex = 1; lastKnownFileType = text.xcconfig; name = "Pods-nthu-campus.debug.xcconfig"; path = "Target Support Files/Pods-nthu-campus/Pods-nthu-campus.debug.xcconfig"; sourceTree = "<group>"; };
		C8DA1AC977102FC7CF981F60 /* Pods-nthu-campusUITests.debug.xcconfig */ = {isa = PBXFileReference; includeInIndex = 1; lastKnownFileType = text.xcconfig; name = "Pods-nthu-campusUITests.debug.xcconfig"; path = "Target Support Files/Pods-nthu-campusUITests/Pods-nthu-campusUITests.debug.xcconfig"; sourceTree = "<group>"; };
		C949F43B1C333E4C2B303DBA /* Pods_nthu_campusUITests.framework */ = {isa = PBXFileReference; explicitFileType = wrapper.framework; includeInIndex = 0; path = Pods_nthu_campusUITests.framework; sourceTree = BUILT_PRODUCTS_DIR; };
		F18828EBD767281D45D42375 /* Pods_nthu_campus.framework */ = {isa = PBXFileReference; explicitFileType = wrapper.framework; includeInIndex = 0; path = Pods_nthu_campus.framework; sourceTree = BUILT_PRODUCTS_DIR; };
/* End PBXFileReference section */

/* Begin PBXFrameworksBuildPhase section */
		B0B257232329FDBB00EC99A8 /* Frameworks */ = {
			isa = PBXFrameworksBuildPhase;
			buildActionMask = 2147483647;
			files = (
				FC92EEB337428CF3C111712A /* Pods_nthu_campus.framework in Frameworks */,
			);
			runOnlyForDeploymentPostprocessing = 0;
		};
		B0B257372329FDBE00EC99A8 /* Frameworks */ = {
			isa = PBXFrameworksBuildPhase;
			buildActionMask = 2147483647;
			files = (
				F76F1ADAD3F393978E64558B /* Pods_nthu_campusTests.framework in Frameworks */,
			);
			runOnlyForDeploymentPostprocessing = 0;
		};
		B0B257422329FDBE00EC99A8 /* Frameworks */ = {
			isa = PBXFrameworksBuildPhase;
			buildActionMask = 2147483647;
			files = (
				9C4C9F1E6BDBE35FE7DAFE19 /* Pods_nthu_campusUITests.framework in Frameworks */,
			);
			runOnlyForDeploymentPostprocessing = 0;
		};
/* End PBXFrameworksBuildPhase section */

/* Begin PBXGroup section */
		2A70FDA40181627AEC7718B2 /* Pods */ = {
			isa = PBXGroup;
			children = (
				C746040B7004E19E6EB25A08 /* Pods-nthu-campus.debug.xcconfig */,
				0E00096E1B055A02A667D89E /* Pods-nthu-campus.release.xcconfig */,
				4A1C7CE510D2A15EE210A9DC /* Pods-nthu-campusTests.debug.xcconfig */,
				816B3BE017EDFC1244989061 /* Pods-nthu-campusTests.release.xcconfig */,
				C8DA1AC977102FC7CF981F60 /* Pods-nthu-campusUITests.debug.xcconfig */,
				2B7FC86AD02DFD3BD4268279 /* Pods-nthu-campusUITests.release.xcconfig */,
			);
			path = Pods;
			sourceTree = "<group>";
		};
		B00A859E2338E8BC0076F5C7 /* database */ = {
			isa = PBXGroup;
			children = (
				B00A859F2338E8D60076F5C7 /* courseDatabase.swift */,
			);
			path = database;
			sourceTree = "<group>";
		};
		B0A8C999233B932F00252365 /* curriculum */ = {
			isa = PBXGroup;
			children = (
				B0B2575A232A025100EC99A8 /* CurriculumPageController.swift */,
				B0B2575C232A027D00EC99A8 /* CurriculumPage.storyboard */,
				B00A85A5233938550076F5C7 /* CourseCollectionCell.swift */,
				B00A85A7233947760076F5C7 /* CurriculumCourseColor.swift */,
				B00A85A92339C48F0076F5C7 /* CurriculumCollectionStatus.swift */,
				B0A8C99E233B967800252365 /* CourseInfoPageController.swift */,
				B0A8C9A0233B9C2800252365 /* CourseInfoPage.storyboard */,
			);
			path = curriculum;
			sourceTree = "<group>";
		};
		B0A8C99A233B934700252365 /* setting */ = {
			isa = PBXGroup;
			children = (
				B0A8C9A2233D1DEB00252365 /* SettingPage.storyboard */,
				B0A8C9A4233D1E0000252365 /* SettingPageController.swift */,
			);
			path = setting;
			sourceTree = "<group>";
		};
		B0B2571D2329FDBB00EC99A8 = {
			isa = PBXGroup;
			children = (
				B0B257282329FDBB00EC99A8 /* nthu-campus */,
				B0B2573D2329FDBE00EC99A8 /* nthu-campusTests */,
				B0B257482329FDBE00EC99A8 /* nthu-campusUITests */,
				B0B257272329FDBB00EC99A8 /* Products */,
				2A70FDA40181627AEC7718B2 /* Pods */,
				F8C5BFC4B6DEBC8CB824A38D /* Frameworks */,
			);
			sourceTree = "<group>";
		};
		B0B257272329FDBB00EC99A8 /* Products */ = {
			isa = PBXGroup;
			children = (
				B0B257262329FDBB00EC99A8 /* nthu-campus.app */,
				B0B2573A2329FDBE00EC99A8 /* nthu-campusTests.xctest */,
				B0B257452329FDBE00EC99A8 /* nthu-campusUITests.xctest */,
			);
			name = Products;
			sourceTree = "<group>";
		};
		B0B257282329FDBB00EC99A8 /* nthu-campus */ = {
			isa = PBXGroup;
			children = (
				B00A859E2338E8BC0076F5C7 /* database */,
				B0B25761232A2B3F00EC99A8 /* services */,
				B0B25758232A01D200EC99A8 /* view */,
				B0B25757232A01BE00EC99A8 /* model */,
				B0B257292329FDBB00EC99A8 /* AppDelegate.swift */,
				B0B2572B2329FDBB00EC99A8 /* MainPageController.swift */,
				B0B2572D2329FDBB00EC99A8 /* MainPage.storyboard */,
				B0B257302329FDBE00EC99A8 /* Assets.xcassets */,
				B0B257322329FDBE00EC99A8 /* LaunchScreen.storyboard */,
				B0B257352329FDBE00EC99A8 /* Info.plist */,
				B00A85A12338EA000076F5C7 /* Config.swift */,
			);
			path = "nthu-campus";
			sourceTree = "<group>";
		};
		B0B2573D2329FDBE00EC99A8 /* nthu-campusTests */ = {
			isa = PBXGroup;
			children = (
				B0B2573E2329FDBE00EC99A8 /* nthu_campusTests.swift */,
				B0B257402329FDBE00EC99A8 /* Info.plist */,
			);
			path = "nthu-campusTests";
			sourceTree = "<group>";
		};
		B0B257482329FDBE00EC99A8 /* nthu-campusUITests */ = {
			isa = PBXGroup;
			children = (
				B0B257492329FDBE00EC99A8 /* nthu_campusUITests.swift */,
				B0B2574B2329FDBE00EC99A8 /* Info.plist */,
			);
			path = "nthu-campusUITests";
			sourceTree = "<group>";
		};
		B0B25757232A01BE00EC99A8 /* model */ = {
			isa = PBXGroup;
			children = (
				B0B2575F232A072000EC99A8 /* Course.swift */,
				B00A8595233631C10076F5C7 /* IlmsLoginInfo.swift */,
				B0A8C995233A5B2500252365 /* CourseTimeSlot.swift */,
				B0A8C997233B718100252365 /* CourseRoomTime.swift */,
				B0A8C9A6233D23E600252365 /* Setting.swift */,
			);
			path = model;
			sourceTree = "<group>";
		};
		B0B25758232A01D200EC99A8 /* view */ = {
			isa = PBXGroup;
			children = (
				B0A8C99A233B934700252365 /* setting */,
				B0A8C999233B932F00252365 /* curriculum */,
			);
			path = view;
			sourceTree = "<group>";
		};
		B0B25761232A2B3F00EC99A8 /* services */ = {
			isa = PBXGroup;
			children = (
				B0B25762232A2B5500EC99A8 /* APIRequest.swift */,
				B00A8591233612870076F5C7 /* IlmsService.swift */,
				B00A8597233639150076F5C7 /* Header.swift */,
				B00A859A233647590076F5C7 /* ServiceUtils.swift */,
				B00A859C233699B50076F5C7 /* CourseService.swift */,
			);
			path = services;
			sourceTree = "<group>";
		};
		F8C5BFC4B6DEBC8CB824A38D /* Frameworks */ = {
			isa = PBXGroup;
			children = (
				F18828EBD767281D45D42375 /* Pods_nthu_campus.framework */,
				9E1C224461F9140DD9887F8D /* Pods_nthu_campusTests.framework */,
				C949F43B1C333E4C2B303DBA /* Pods_nthu_campusUITests.framework */,
			);
			name = Frameworks;
			sourceTree = "<group>";
		};
/* End PBXGroup section */

/* Begin PBXNativeTarget section */
		B0B257252329FDBB00EC99A8 /* nthu-campus */ = {
			isa = PBXNativeTarget;
			buildConfigurationList = B0B2574E2329FDBE00EC99A8 /* Build configuration list for PBXNativeTarget "nthu-campus" */;
			buildPhases = (
				10266EE616739C8937FAD39B /* [CP] Check Pods Manifest.lock */,
				B0B257222329FDBB00EC99A8 /* Sources */,
				B0B257232329FDBB00EC99A8 /* Frameworks */,
				B0B257242329FDBB00EC99A8 /* Resources */,
				D9DF692D745E98C0D11B3C59 /* [CP] Embed Pods Frameworks */,
			);
			buildRules = (
			);
			dependencies = (
			);
			name = "nthu-campus";
			productName = "nthu-campus";
			productReference = B0B257262329FDBB00EC99A8 /* nthu-campus.app */;
			productType = "com.apple.product-type.application";
		};
		B0B257392329FDBE00EC99A8 /* nthu-campusTests */ = {
			isa = PBXNativeTarget;
			buildConfigurationList = B0B257512329FDBE00EC99A8 /* Build configuration list for PBXNativeTarget "nthu-campusTests" */;
			buildPhases = (
				1038BBF0F4D6E302532783CE /* [CP] Check Pods Manifest.lock */,
				B0B257362329FDBE00EC99A8 /* Sources */,
				B0B257372329FDBE00EC99A8 /* Frameworks */,
				B0B257382329FDBE00EC99A8 /* Resources */,
			);
			buildRules = (
			);
			dependencies = (
				B0B2573C2329FDBE00EC99A8 /* PBXTargetDependency */,
			);
			name = "nthu-campusTests";
			productName = "nthu-campusTests";
			productReference = B0B2573A2329FDBE00EC99A8 /* nthu-campusTests.xctest */;
			productType = "com.apple.product-type.bundle.unit-test";
		};
		B0B257442329FDBE00EC99A8 /* nthu-campusUITests */ = {
			isa = PBXNativeTarget;
			buildConfigurationList = B0B257542329FDBE00EC99A8 /* Build configuration list for PBXNativeTarget "nthu-campusUITests" */;
			buildPhases = (
				03915D68EA3CE71FAB78EFAD /* [CP] Check Pods Manifest.lock */,
				B0B257412329FDBE00EC99A8 /* Sources */,
				B0B257422329FDBE00EC99A8 /* Frameworks */,
				B0B257432329FDBE00EC99A8 /* Resources */,
			);
			buildRules = (
			);
			dependencies = (
				B0B257472329FDBE00EC99A8 /* PBXTargetDependency */,
			);
			name = "nthu-campusUITests";
			productName = "nthu-campusUITests";
			productReference = B0B257452329FDBE00EC99A8 /* nthu-campusUITests.xctest */;
			productType = "com.apple.product-type.bundle.ui-testing";
		};
/* End PBXNativeTarget section */

/* Begin PBXProject section */
		B0B2571E2329FDBB00EC99A8 /* Project object */ = {
			isa = PBXProject;
			attributes = {
				LastSwiftUpdateCheck = 1030;
				LastUpgradeCheck = 1030;
				ORGANIZATIONNAME = "楊宗翰";
				TargetAttributes = {
					B0B257252329FDBB00EC99A8 = {
						CreatedOnToolsVersion = 10.3;
					};
					B0B257392329FDBE00EC99A8 = {
						CreatedOnToolsVersion = 10.3;
						TestTargetID = B0B257252329FDBB00EC99A8;
					};
					B0B257442329FDBE00EC99A8 = {
						CreatedOnToolsVersion = 10.3;
						TestTargetID = B0B257252329FDBB00EC99A8;
					};
				};
			};
			buildConfigurationList = B0B257212329FDBB00EC99A8 /* Build configuration list for PBXProject "nthu-campus" */;
			compatibilityVersion = "Xcode 9.3";
			developmentRegion = en;
			hasScannedForEncodings = 0;
			knownRegions = (
				en,
				Base,
			);
			mainGroup = B0B2571D2329FDBB00EC99A8;
			productRefGroup = B0B257272329FDBB00EC99A8 /* Products */;
			projectDirPath = "";
			projectRoot = "";
			targets = (
				B0B257252329FDBB00EC99A8 /* nthu-campus */,
				B0B257392329FDBE00EC99A8 /* nthu-campusTests */,
				B0B257442329FDBE00EC99A8 /* nthu-campusUITests */,
			);
		};
/* End PBXProject section */

/* Begin PBXResourcesBuildPhase section */
		B0B257242329FDBB00EC99A8 /* Resources */ = {
			isa = PBXResourcesBuildPhase;
			buildActionMask = 2147483647;
			files = (
				B0B2575D232A027D00EC99A8 /* CurriculumPage.storyboard in Resources */,
				B0A8C9A1233B9C2800252365 /* CourseInfoPage.storyboard in Resources */,
				B0A8C9A3233D1DEB00252365 /* SettingPage.storyboard in Resources */,
				B0B257342329FDBE00EC99A8 /* LaunchScreen.storyboard in Resources */,
				B0B257312329FDBE00EC99A8 /* Assets.xcassets in Resources */,
				B0B2572F2329FDBB00EC99A8 /* MainPage.storyboard in Resources */,
			);
			runOnlyForDeploymentPostprocessing = 0;
		};
		B0B257382329FDBE00EC99A8 /* Resources */ = {
			isa = PBXResourcesBuildPhase;
			buildActionMask = 2147483647;
			files = (
			);
			runOnlyForDeploymentPostprocessing = 0;
		};
		B0B257432329FDBE00EC99A8 /* Resources */ = {
			isa = PBXResourcesBuildPhase;
			buildActionMask = 2147483647;
			files = (
			);
			runOnlyForDeploymentPostprocessing = 0;
		};
/* End PBXResourcesBuildPhase section */

/* Begin PBXShellScriptBuildPhase section */
		03915D68EA3CE71FAB78EFAD /* [CP] Check Pods Manifest.lock */ = {
			isa = PBXShellScriptBuildPhase;
			buildActionMask = 2147483647;
			files = (
			);
			inputFileListPaths = (
			);
			inputPaths = (
				"${PODS_PODFILE_DIR_PATH}/Podfile.lock",
				"${PODS_ROOT}/Manifest.lock",
			);
			name = "[CP] Check Pods Manifest.lock";
			outputFileListPaths = (
			);
			outputPaths = (
				"$(DERIVED_FILE_DIR)/Pods-nthu-campusUITests-checkManifestLockResult.txt",
			);
			runOnlyForDeploymentPostprocessing = 0;
			shellPath = /bin/sh;
			shellScript = "diff \"${PODS_PODFILE_DIR_PATH}/Podfile.lock\" \"${PODS_ROOT}/Manifest.lock\" > /dev/null\nif [ $? != 0 ] ; then\n    # print error to STDERR\n    echo \"error: The sandbox is not in sync with the Podfile.lock. Run 'pod install' or update your CocoaPods installation.\" >&2\n    exit 1\nfi\n# This output is used by Xcode 'outputs' to avoid re-running this script phase.\necho \"SUCCESS\" > \"${SCRIPT_OUTPUT_FILE_0}\"\n";
			showEnvVarsInLog = 0;
		};
		10266EE616739C8937FAD39B /* [CP] Check Pods Manifest.lock */ = {
			isa = PBXShellScriptBuildPhase;
			buildActionMask = 2147483647;
			files = (
			);
			inputFileListPaths = (
			);
			inputPaths = (
				"${PODS_PODFILE_DIR_PATH}/Podfile.lock",
				"${PODS_ROOT}/Manifest.lock",
			);
			name = "[CP] Check Pods Manifest.lock";
			outputFileListPaths = (
			);
			outputPaths = (
				"$(DERIVED_FILE_DIR)/Pods-nthu-campus-checkManifestLockResult.txt",
			);
			runOnlyForDeploymentPostprocessing = 0;
			shellPath = /bin/sh;
			shellScript = "diff \"${PODS_PODFILE_DIR_PATH}/Podfile.lock\" \"${PODS_ROOT}/Manifest.lock\" > /dev/null\nif [ $? != 0 ] ; then\n    # print error to STDERR\n    echo \"error: The sandbox is not in sync with the Podfile.lock. Run 'pod install' or update your CocoaPods installation.\" >&2\n    exit 1\nfi\n# This output is used by Xcode 'outputs' to avoid re-running this script phase.\necho \"SUCCESS\" > \"${SCRIPT_OUTPUT_FILE_0}\"\n";
			showEnvVarsInLog = 0;
		};
		1038BBF0F4D6E302532783CE /* [CP] Check Pods Manifest.lock */ = {
			isa = PBXShellScriptBuildPhase;
			buildActionMask = 2147483647;
			files = (
			);
			inputFileListPaths = (
			);
			inputPaths = (
				"${PODS_PODFILE_DIR_PATH}/Podfile.lock",
				"${PODS_ROOT}/Manifest.lock",
			);
			name = "[CP] Check Pods Manifest.lock";
			outputFileListPaths = (
			);
			outputPaths = (
				"$(DERIVED_FILE_DIR)/Pods-nthu-campusTests-checkManifestLockResult.txt",
			);
			runOnlyForDeploymentPostprocessing = 0;
			shellPath = /bin/sh;
			shellScript = "diff \"${PODS_PODFILE_DIR_PATH}/Podfile.lock\" \"${PODS_ROOT}/Manifest.lock\" > /dev/null\nif [ $? != 0 ] ; then\n    # print error to STDERR\n    echo \"error: The sandbox is not in sync with the Podfile.lock. Run 'pod install' or update your CocoaPods installation.\" >&2\n    exit 1\nfi\n# This output is used by Xcode 'outputs' to avoid re-running this script phase.\necho \"SUCCESS\" > \"${SCRIPT_OUTPUT_FILE_0}\"\n";
			showEnvVarsInLog = 0;
		};
		D9DF692D745E98C0D11B3C59 /* [CP] Embed Pods Frameworks */ = {
			isa = PBXShellScriptBuildPhase;
			buildActionMask = 2147483647;
			files = (
			);
			inputFileListPaths = (
				"${PODS_ROOT}/Target Support Files/Pods-nthu-campus/Pods-nthu-campus-frameworks-${CONFIGURATION}-input-files.xcfilelist",
			);
			name = "[CP] Embed Pods Frameworks";
			outputFileListPaths = (
				"${PODS_ROOT}/Target Support Files/Pods-nthu-campus/Pods-nthu-campus-frameworks-${CONFIGURATION}-output-files.xcfilelist",
			);
			runOnlyForDeploymentPostprocessing = 0;
			shellPath = /bin/sh;
			shellScript = "\"${PODS_ROOT}/Target Support Files/Pods-nthu-campus/Pods-nthu-campus-frameworks.sh\"\n";
			showEnvVarsInLog = 0;
		};
/* End PBXShellScriptBuildPhase section */

/* Begin PBXSourcesBuildPhase section */
		B0B257222329FDBB00EC99A8 /* Sources */ = {
			isa = PBXSourcesBuildPhase;
			buildActionMask = 2147483647;
			files = (
				B00A8598233639150076F5C7 /* Header.swift in Sources */,
				B0A8C996233A5B2500252365 /* CourseTimeSlot.swift in Sources */,
				B00A8596233631C10076F5C7 /* IlmsLoginInfo.swift in Sources */,
				B0B25760232A072000EC99A8 /* Course.swift in Sources */,
				B0B2572C2329FDBB00EC99A8 /* MainPageController.swift in Sources */,
				B0B2575B232A025100EC99A8 /* CurriculumPageController.swift in Sources */,
				B00A85A22338EA000076F5C7 /* Config.swift in Sources */,
				B0B25763232A2B5500EC99A8 /* APIRequest.swift in Sources */,
				B00A8592233612870076F5C7 /* IlmsService.swift in Sources */,
				B0B2572A2329FDBB00EC99A8 /* AppDelegate.swift in Sources */,
				B0A8C9A7233D23E600252365 /* Setting.swift in Sources */,
				B0A8C99F233B967800252365 /* CourseInfoPageController.swift in Sources */,
				B00A859D233699B50076F5C7 /* CourseService.swift in Sources */,
				B00A85A8233947760076F5C7 /* CurriculumCourseColor.swift in Sources */,
				B0A8C998233B718100252365 /* CourseRoomTime.swift in Sources */,
				B0A8C9A5233D1E0000252365 /* SettingPageController.swift in Sources */,
				B00A859B233647590076F5C7 /* ServiceUtils.swift in Sources */,
				B00A85A6233938550076F5C7 /* CourseCollectionCell.swift in Sources */,
				B00A85A02338E8D60076F5C7 /* courseDatabase.swift in Sources */,
				B00A85AA2339C48F0076F5C7 /* CurriculumCollectionStatus.swift in Sources */,
			);
			runOnlyForDeploymentPostprocessing = 0;
		};
		B0B257362329FDBE00EC99A8 /* Sources */ = {
			isa = PBXSourcesBuildPhase;
			buildActionMask = 2147483647;
			files = (
				B0B2573F2329FDBE00EC99A8 /* nthu_campusTests.swift in Sources */,
			);
			runOnlyForDeploymentPostprocessing = 0;
		};
		B0B257412329FDBE00EC99A8 /* Sources */ = {
			isa = PBXSourcesBuildPhase;
			buildActionMask = 2147483647;
			files = (
				B0B2574A2329FDBE00EC99A8 /* nthu_campusUITests.swift in Sources */,
			);
			runOnlyForDeploymentPostprocessing = 0;
		};
/* End PBXSourcesBuildPhase section */

/* Begin PBXTargetDependency section */
		B0B2573C2329FDBE00EC99A8 /* PBXTargetDependency */ = {
			isa = PBXTargetDependency;
			target = B0B257252329FDBB00EC99A8 /* nthu-campus */;
			targetProxy = B0B2573B2329FDBE00EC99A8 /* PBXContainerItemProxy */;
		};
		B0B257472329FDBE00EC99A8 /* PBXTargetDependency */ = {
			isa = PBXTargetDependency;
			target = B0B257252329FDBB00EC99A8 /* nthu-campus */;
			targetProxy = B0B257462329FDBE00EC99A8 /* PBXContainerItemProxy */;
		};
/* End PBXTargetDependency section */

/* Begin PBXVariantGroup section */
		B0B2572D2329FDBB00EC99A8 /* MainPage.storyboard */ = {
			isa = PBXVariantGroup;
			children = (
				B0B2572E2329FDBB00EC99A8 /* Base */,
			);
			name = MainPage.storyboard;
			sourceTree = "<group>";
		};
		B0B257322329FDBE00EC99A8 /* LaunchScreen.storyboard */ = {
			isa = PBXVariantGroup;
			children = (
				B0B257332329FDBE00EC99A8 /* Base */,
			);
			name = LaunchScreen.storyboard;
			sourceTree = "<group>";
		};
/* End PBXVariantGroup section */

/* Begin XCBuildConfiguration section */
		B0B2574C2329FDBE00EC99A8 /* Debug */ = {
			isa = XCBuildConfiguration;
			buildSettings = {
				ALWAYS_SEARCH_USER_PATHS = NO;
				CLANG_ANALYZER_NONNULL = YES;
				CLANG_ANALYZER_NUMBER_OBJECT_CONVERSION = YES_AGGRESSIVE;
				CLANG_CXX_LANGUAGE_STANDARD = "gnu++14";
				CLANG_CXX_LIBRARY = "libc++";
				CLANG_ENABLE_MODULES = YES;
				CLANG_ENABLE_OBJC_ARC = YES;
				CLANG_ENABLE_OBJC_WEAK = YES;
				CLANG_WARN_BLOCK_CAPTURE_AUTORELEASING = YES;
				CLANG_WARN_BOOL_CONVERSION = YES;
				CLANG_WARN_COMMA = YES;
				CLANG_WARN_CONSTANT_CONVERSION = YES;
				CLANG_WARN_DEPRECATED_OBJC_IMPLEMENTATIONS = YES;
				CLANG_WARN_DIRECT_OBJC_ISA_USAGE = YES_ERROR;
				CLANG_WARN_DOCUMENTATION_COMMENTS = YES;
				CLANG_WARN_EMPTY_BODY = YES;
				CLANG_WARN_ENUM_CONVERSION = YES;
				CLANG_WARN_INFINITE_RECURSION = YES;
				CLANG_WARN_INT_CONVERSION = YES;
				CLANG_WARN_NON_LITERAL_NULL_CONVERSION = YES;
				CLANG_WARN_OBJC_IMPLICIT_RETAIN_SELF = YES;
				CLANG_WARN_OBJC_LITERAL_CONVERSION = YES;
				CLANG_WARN_OBJC_ROOT_CLASS = YES_ERROR;
				CLANG_WARN_RANGE_LOOP_ANALYSIS = YES;
				CLANG_WARN_STRICT_PROTOTYPES = YES;
				CLANG_WARN_SUSPICIOUS_MOVE = YES;
				CLANG_WARN_UNGUARDED_AVAILABILITY = YES_AGGRESSIVE;
				CLANG_WARN_UNREACHABLE_CODE = YES;
				CLANG_WARN__DUPLICATE_METHOD_MATCH = YES;
				CODE_SIGN_IDENTITY = "iPhone Developer";
				COPY_PHASE_STRIP = NO;
				DEBUG_INFORMATION_FORMAT = dwarf;
				ENABLE_STRICT_OBJC_MSGSEND = YES;
				ENABLE_TESTABILITY = YES;
				GCC_C_LANGUAGE_STANDARD = gnu11;
				GCC_DYNAMIC_NO_PIC = NO;
				GCC_NO_COMMON_BLOCKS = YES;
				GCC_OPTIMIZATION_LEVEL = 0;
				GCC_PREPROCESSOR_DEFINITIONS = (
					"DEBUG=1",
					"$(inherited)",
				);
				GCC_WARN_64_TO_32_BIT_CONVERSION = YES;
				GCC_WARN_ABOUT_RETURN_TYPE = YES_ERROR;
				GCC_WARN_UNDECLARED_SELECTOR = YES;
				GCC_WARN_UNINITIALIZED_AUTOS = YES_AGGRESSIVE;
				GCC_WARN_UNUSED_FUNCTION = YES;
				GCC_WARN_UNUSED_VARIABLE = YES;
				IPHONEOS_DEPLOYMENT_TARGET = 12.4;
				MTL_ENABLE_DEBUG_INFO = INCLUDE_SOURCE;
				MTL_FAST_MATH = YES;
				ONLY_ACTIVE_ARCH = YES;
				SDKROOT = iphoneos;
				SWIFT_ACTIVE_COMPILATION_CONDITIONS = DEBUG;
				SWIFT_OPTIMIZATION_LEVEL = "-Onone";
			};
			name = Debug;
		};
		B0B2574D2329FDBE00EC99A8 /* Release */ = {
			isa = XCBuildConfiguration;
			buildSettings = {
				ALWAYS_SEARCH_USER_PATHS = NO;
				CLANG_ANALYZER_NONNULL = YES;
				CLANG_ANALYZER_NUMBER_OBJECT_CONVERSION = YES_AGGRESSIVE;
				CLANG_CXX_LANGUAGE_STANDARD = "gnu++14";
				CLANG_CXX_LIBRARY = "libc++";
				CLANG_ENABLE_MODULES = YES;
				CLANG_ENABLE_OBJC_ARC = YES;
				CLANG_ENABLE_OBJC_WEAK = YES;
				CLANG_WARN_BLOCK_CAPTURE_AUTORELEASING = YES;
				CLANG_WARN_BOOL_CONVERSION = YES;
				CLANG_WARN_COMMA = YES;
				CLANG_WARN_CONSTANT_CONVERSION = YES;
				CLANG_WARN_DEPRECATED_OBJC_IMPLEMENTATIONS = YES;
				CLANG_WARN_DIRECT_OBJC_ISA_USAGE = YES_ERROR;
				CLANG_WARN_DOCUMENTATION_COMMENTS = YES;
				CLANG_WARN_EMPTY_BODY = YES;
				CLANG_WARN_ENUM_CONVERSION = YES;
				CLANG_WARN_INFINITE_RECURSION = YES;
				CLANG_WARN_INT_CONVERSION = YES;
				CLANG_WARN_NON_LITERAL_NULL_CONVERSION = YES;
				CLANG_WARN_OBJC_IMPLICIT_RETAIN_SELF = YES;
				CLANG_WARN_OBJC_LITERAL_CONVERSION = YES;
				CLANG_WARN_OBJC_ROOT_CLASS = YES_ERROR;
				CLANG_WARN_RANGE_LOOP_ANALYSIS = YES;
				CLANG_WARN_STRICT_PROTOTYPES = YES;
				CLANG_WARN_SUSPICIOUS_MOVE = YES;
				CLANG_WARN_UNGUARDED_AVAILABILITY = YES_AGGRESSIVE;
				CLANG_WARN_UNREACHABLE_CODE = YES;
				CLANG_WARN__DUPLICATE_METHOD_MATCH = YES;
				CODE_SIGN_IDENTITY = "iPhone Developer";
				COPY_PHASE_STRIP = NO;
				DEBUG_INFORMATION_FORMAT = "dwarf-with-dsym";
				ENABLE_NS_ASSERTIONS = NO;
				ENABLE_STRICT_OBJC_MSGSEND = YES;
				GCC_C_LANGUAGE_STANDARD = gnu11;
				GCC_NO_COMMON_BLOCKS = YES;
				GCC_WARN_64_TO_32_BIT_CONVERSION = YES;
				GCC_WARN_ABOUT_RETURN_TYPE = YES_ERROR;
				GCC_WARN_UNDECLARED_SELECTOR = YES;
				GCC_WARN_UNINITIALIZED_AUTOS = YES_AGGRESSIVE;
				GCC_WARN_UNUSED_FUNCTION = YES;
				GCC_WARN_UNUSED_VARIABLE = YES;
				IPHONEOS_DEPLOYMENT_TARGET = 12.4;
				MTL_ENABLE_DEBUG_INFO = NO;
				MTL_FAST_MATH = YES;
				SDKROOT = iphoneos;
				SWIFT_COMPILATION_MODE = wholemodule;
				SWIFT_OPTIMIZATION_LEVEL = "-O";
				VALIDATE_PRODUCT = YES;
			};
			name = Release;
		};
		B0B2574F2329FDBE00EC99A8 /* Debug */ = {
			isa = XCBuildConfiguration;
			baseConfigurationReference = C746040B7004E19E6EB25A08 /* Pods-nthu-campus.debug.xcconfig */;
			buildSettings = {
				ASSETCATALOG_COMPILER_APPICON_NAME = AppIcon;
				CODE_SIGN_STYLE = Automatic;
				DEVELOPMENT_TEAM = PY7NKJMQL8;
				INFOPLIST_FILE = "nthu-campus/Info.plist";
				LD_RUNPATH_SEARCH_PATHS = (
					"$(inherited)",
					"@executable_path/Frameworks",
				);
				PRODUCT_BUNDLE_IDENTIFIER = "com.feveral.nthu-campus";
				PRODUCT_NAME = "$(TARGET_NAME)";
				SWIFT_VERSION = 5.0;
				TARGETED_DEVICE_FAMILY = "1,2";
			};
			name = Debug;
		};
		B0B257502329FDBE00EC99A8 /* Release */ = {
			isa = XCBuildConfiguration;
			baseConfigurationReference = 0E00096E1B055A02A667D89E /* Pods-nthu-campus.release.xcconfig */;
			buildSettings = {
				ASSETCATALOG_COMPILER_APPICON_NAME = AppIcon;
				CODE_SIGN_STYLE = Automatic;
				DEVELOPMENT_TEAM = PY7NKJMQL8;
				INFOPLIST_FILE = "nthu-campus/Info.plist";
				LD_RUNPATH_SEARCH_PATHS = (
					"$(inherited)",
					"@executable_path/Frameworks",
				);
				PRODUCT_BUNDLE_IDENTIFIER = "com.feveral.nthu-campus";
				PRODUCT_NAME = "$(TARGET_NAME)";
				SWIFT_VERSION = 5.0;
				TARGETED_DEVICE_FAMILY = "1,2";
			};
			name = Release;
		};
		B0B257522329FDBE00EC99A8 /* Debug */ = {
			isa = XCBuildConfiguration;
			baseConfigurationReference = 4A1C7CE510D2A15EE210A9DC /* Pods-nthu-campusTests.debug.xcconfig */;
			buildSettings = {
				ALWAYS_EMBED_SWIFT_STANDARD_LIBRARIES = YES;
				BUNDLE_LOADER = "$(TEST_HOST)";
				CODE_SIGN_STYLE = Automatic;
				DEVELOPMENT_TEAM = PY7NKJMQL8;
				INFOPLIST_FILE = "nthu-campusTests/Info.plist";
				LD_RUNPATH_SEARCH_PATHS = (
					"$(inherited)",
					"@executable_path/Frameworks",
					"@loader_path/Frameworks",
				);
				PRODUCT_BUNDLE_IDENTIFIER = "com.feveral.nthu-campusTests";
				PRODUCT_NAME = "$(TARGET_NAME)";
				SWIFT_VERSION = 5.0;
				TARGETED_DEVICE_FAMILY = "1,2";
				TEST_HOST = "$(BUILT_PRODUCTS_DIR)/nthu-campus.app/nthu-campus";
			};
			name = Debug;
		};
		B0B257532329FDBE00EC99A8 /* Release */ = {
			isa = XCBuildConfiguration;
			baseConfigurationReference = 816B3BE017EDFC1244989061 /* Pods-nthu-campusTests.release.xcconfig */;
			buildSettings = {
				ALWAYS_EMBED_SWIFT_STANDARD_LIBRARIES = YES;
				BUNDLE_LOADER = "$(TEST_HOST)";
				CODE_SIGN_STYLE = Automatic;
				DEVELOPMENT_TEAM = PY7NKJMQL8;
				INFOPLIST_FILE = "nthu-campusTests/Info.plist";
				LD_RUNPATH_SEARCH_PATHS = (
					"$(inherited)",
					"@executable_path/Frameworks",
					"@loader_path/Frameworks",
				);
				PRODUCT_BUNDLE_IDENTIFIER = "com.feveral.nthu-campusTests";
				PRODUCT_NAME = "$(TARGET_NAME)";
				SWIFT_VERSION = 5.0;
				TARGETED_DEVICE_FAMILY = "1,2";
				TEST_HOST = "$(BUILT_PRODUCTS_DIR)/nthu-campus.app/nthu-campus";
			};
			name = Release;
		};
		B0B257552329FDBE00EC99A8 /* Debug */ = {
			isa = XCBuildConfiguration;
			baseConfigurationReference = C8DA1AC977102FC7CF981F60 /* Pods-nthu-campusUITests.debug.xcconfig */;
			buildSettings = {
				ALWAYS_EMBED_SWIFT_STANDARD_LIBRARIES = YES;
				CODE_SIGN_STYLE = Automatic;
				DEVELOPMENT_TEAM = PY7NKJMQL8;
				INFOPLIST_FILE = "nthu-campusUITests/Info.plist";
				LD_RUNPATH_SEARCH_PATHS = (
					"$(inherited)",
					"@executable_path/Frameworks",
					"@loader_path/Frameworks",
				);
				PRODUCT_BUNDLE_IDENTIFIER = "com.feveral.nthu-campusUITests";
				PRODUCT_NAME = "$(TARGET_NAME)";
				SWIFT_VERSION = 5.0;
				TARGETED_DEVICE_FAMILY = "1,2";
				TEST_TARGET_NAME = "nthu-campus";
			};
			name = Debug;
		};
		B0B257562329FDBE00EC99A8 /* Release */ = {
			isa = XCBuildConfiguration;
			baseConfigurationReference = 2B7FC86AD02DFD3BD4268279 /* Pods-nthu-campusUITests.release.xcconfig */;
			buildSettings = {
				ALWAYS_EMBED_SWIFT_STANDARD_LIBRARIES = YES;
				CODE_SIGN_STYLE = Automatic;
				DEVELOPMENT_TEAM = PY7NKJMQL8;
				INFOPLIST_FILE = "nthu-campusUITests/Info.plist";
				LD_RUNPATH_SEARCH_PATHS = (
					"$(inherited)",
					"@executable_path/Frameworks",
					"@loader_path/Frameworks",
				);
				PRODUCT_BUNDLE_IDENTIFIER = "com.feveral.nthu-campusUITests";
				PRODUCT_NAME = "$(TARGET_NAME)";
				SWIFT_VERSION = 5.0;
				TARGETED_DEVICE_FAMILY = "1,2";
				TEST_TARGET_NAME = "nthu-campus";
			};
			name = Release;
		};
/* End XCBuildConfiguration section */

/* Begin XCConfigurationList section */
		B0B257212329FDBB00EC99A8 /* Build configuration list for PBXProject "nthu-campus" */ = {
			isa = XCConfigurationList;
			buildConfigurations = (
				B0B2574C2329FDBE00EC99A8 /* Debug */,
				B0B2574D2329FDBE00EC99A8 /* Release */,
			);
			defaultConfigurationIsVisible = 0;
			defaultConfigurationName = Release;
		};
		B0B2574E2329FDBE00EC99A8 /* Build configuration list for PBXNativeTarget "nthu-campus" */ = {
			isa = XCConfigurationList;
			buildConfigurations = (
				B0B2574F2329FDBE00EC99A8 /* Debug */,
				B0B257502329FDBE00EC99A8 /* Release */,
			);
			defaultConfigurationIsVisible = 0;
			defaultConfigurationName = Release;
		};
		B0B257512329FDBE00EC99A8 /* Build configuration list for PBXNativeTarget "nthu-campusTests" */ = {
			isa = XCConfigurationList;
			buildConfigurations = (
				B0B257522329FDBE00EC99A8 /* Debug */,
				B0B257532329FDBE00EC99A8 /* Release */,
			);
			defaultConfigurationIsVisible = 0;
			defaultConfigurationName = Release;
		};
		B0B257542329FDBE00EC99A8 /* Build configuration list for PBXNativeTarget "nthu-campusUITests" */ = {
			isa = XCConfigurationList;
			buildConfigurations = (
				B0B257552329FDBE00EC99A8 /* Debug */,
				B0B257562329FDBE00EC99A8 /* Release */,
			);
			defaultConfigurationIsVisible = 0;
			defaultConfigurationName = Release;
		};
/* End XCConfigurationList section */
	};
	rootObject = B0B2571E2329FDBB00EC99A8 /* Project object */;
}
